root = [
    "cluster",
    "splines",
    "survival",
]

[[package]]
name = "cluster"
version = "0.1.0"
checksum = "sha256:3f68e532f3f0af576521edad3e8420f93b6c9438817b12de53b8d3b286187670"
source = "git+https://github.com/mlatinov/laplace-cluster@0.1.0#laplace"
dependencies = []

[[package]]
name = "splines"
version = "0.1.0"
checksum = "sha256:81738dc6d173cd8d1852b4be65c1a5f084c1310bf9abfa5721924469317a8f52"
source = "git+https://github.com/mlatinov/laplace-splines@0.1.0#laplace"
dependencies = []

[[package]]
name = "survival"
version = "0.1.1"
checksum = "sha256:ad3bc335061848acbd7a558cb99aca39c72ce649f52b2711732f9c55a9e2facf"
source = "git+https://github.com/mlatinov/laplace-survival@0.1.1#laplace"
dependencies = []
